
Microsoft Visual Studio Solution File, Format Version 12.00
# Visual Studio 15
VisualStudioVersion = 15.0.27130.2010
MinimumVisualStudioVersion = 10.0.40219.1
Project("{FAE04EC0-301F-11D3-BF4B-00C04F79EFBC}") = "WhereClauseParser", "WhereClauseEvaluator\WhereClauseParser.csproj", "{3BA8739F-D038-4F9C-B993-4F79CE4CA0FD}"
EndProject
Project("{FAE04EC0-301F-11D3-BF4B-00C04F79EFBC}") = "WhereClauseEvaluatorTests", "WhereClauseEvaluatorTests\WhereClauseEvaluatorTests.csproj", "{84704C11-8D18-40BD-BF5C-DCF3A9E89DD6}"
EndProject
Project("{FAE04EC0-301F-11D3-BF4B-00C04F79EFBC}") = "BinaryExpressionVisualizer", "BinaryTree\BinaryExpressionVisualizer.csproj", "{E605B8BC-B1F8-4957-AF1D-672A6860CC48}"
EndProject
Project("{FAE04EC0-301F-11D3-BF4B-00C04F79EFBC}") = "ExpressionParser", "ExpressionParser\ExpressionParser.csproj", "{47B6487C-8693-46DA-AC0C-F0400C35E067}"
EndProject
Project("{FAE04EC0-301F-11D3-BF4B-00C04F79EFBC}") = "WhereClauseVisualizer", "WhereClauseVisualizer\WhereClauseVisualizer.csproj", "{706BA825-C3DC-4E7B-B672-8FDC2054CFAE}"
EndProject
Project("{FAE04EC0-301F-11D3-BF4B-00C04F79EFBC}") = "SampleLookup", "SampleLookup\SampleLookup.csproj", "{C01D7B83-48AF-470D-8C25-693BBDFBDC0B}"
EndProject
Project("{FAE04EC0-301F-11D3-BF4B-00C04F79EFBC}") = "ILookup", "ILookup\ILookup.csproj", "{1E926A70-2221-4740-B6C3-C6903D206E90}"
EndProject
Global
	GlobalSection(SolutionConfigurationPlatforms) = preSolution
		Debug|Any CPU = Debug|Any CPU
		Release|Any CPU = Release|Any CPU
	EndGlobalSection
	GlobalSection(ProjectConfigurationPlatforms) = postSolution
		{3BA8739F-D038-4F9C-B993-4F79CE4CA0FD}.Debug|Any CPU.ActiveCfg = Debug|Any CPU
		{3BA8739F-D038-4F9C-B993-4F79CE4CA0FD}.Debug|Any CPU.Build.0 = Debug|Any CPU
		{3BA8739F-D038-4F9C-B993-4F79CE4CA0FD}.Release|Any CPU.ActiveCfg = Release|Any CPU
		{3BA8739F-D038-4F9C-B993-4F79CE4CA0FD}.Release|Any CPU.Build.0 = Release|Any CPU
		{84704C11-8D18-40BD-BF5C-DCF3A9E89DD6}.Debug|Any CPU.ActiveCfg = Debug|Any CPU
		{84704C11-8D18-40BD-BF5C-DCF3A9E89DD6}.Debug|Any CPU.Build.0 = Debug|Any CPU
		{84704C11-8D18-40BD-BF5C-DCF3A9E89DD6}.Release|Any CPU.ActiveCfg = Release|Any CPU
		{84704C11-8D18-40BD-BF5C-DCF3A9E89DD6}.Release|Any CPU.Build.0 = Release|Any CPU
		{E605B8BC-B1F8-4957-AF1D-672A6860CC48}.Debug|Any CPU.ActiveCfg = Debug|Any CPU
		{E605B8BC-B1F8-4957-AF1D-672A6860CC48}.Debug|Any CPU.Build.0 = Debug|Any CPU
		{E605B8BC-B1F8-4957-AF1D-672A6860CC48}.Release|Any CPU.ActiveCfg = Release|Any CPU
		{E605B8BC-B1F8-4957-AF1D-672A6860CC48}.Release|Any CPU.Build.0 = Release|Any CPU
		{47B6487C-8693-46DA-AC0C-F0400C35E067}.Debug|Any CPU.ActiveCfg = Debug|Any CPU
		{47B6487C-8693-46DA-AC0C-F0400C35E067}.Debug|Any CPU.Build.0 = Debug|Any CPU
		{47B6487C-8693-46DA-AC0C-F0400C35E067}.Release|Any CPU.ActiveCfg = Release|Any CPU
		{47B6487C-8693-46DA-AC0C-F0400C35E067}.Release|Any CPU.Build.0 = Release|Any CPU
		{706BA825-C3DC-4E7B-B672-8FDC2054CFAE}.Debug|Any CPU.ActiveCfg = Debug|Any CPU
		{706BA825-C3DC-4E7B-B672-8FDC2054CFAE}.Debug|Any CPU.Build.0 = Debug|Any CPU
		{706BA825-C3DC-4E7B-B672-8FDC2054CFAE}.Release|Any CPU.ActiveCfg = Release|Any CPU
		{706BA825-C3DC-4E7B-B672-8FDC2054CFAE}.Release|Any CPU.Build.0 = Release|Any CPU
		{C01D7B83-48AF-470D-8C25-693BBDFBDC0B}.Debug|Any CPU.ActiveCfg = Debug|Any CPU
		{C01D7B83-48AF-470D-8C25-693BBDFBDC0B}.Debug|Any CPU.Build.0 = Debug|Any CPU
		{C01D7B83-48AF-470D-8C25-693BBDFBDC0B}.Release|Any CPU.ActiveCfg = Release|Any CPU
		{C01D7B83-48AF-470D-8C25-693BBDFBDC0B}.Release|Any CPU.Build.0 = Release|Any CPU
		{1E926A70-2221-4740-B6C3-C6903D206E90}.Debug|Any CPU.ActiveCfg = Debug|Any CPU
		{1E926A70-2221-4740-B6C3-C6903D206E90}.Debug|Any CPU.Build.0 = Debug|Any CPU
		{1E926A70-2221-4740-B6C3-C6903D206E90}.Release|Any CPU.ActiveCfg = Release|Any CPU
		{1E926A70-2221-4740-B6C3-C6903D206E90}.Release|Any CPU.Build.0 = Release|Any CPU
	EndGlobalSection
	GlobalSection(SolutionProperties) = preSolution
		HideSolutionNode = FALSE
	EndGlobalSection
	GlobalSection(ExtensibilityGlobals) = postSolution
		SolutionGuid = {47964222-4B83-464F-B7F2-33A0884EBC2E}
	EndGlobalSection
EndGlobal
